
Microsoft Visual Studio Solution File, Format Version 12.00
# Visual Studio Version 17
VisualStudioVersion = 17.10.34916.146
MinimumVisualStudioVersion = 10.0.40219.1
Project("{8BC9CEB8-8B4A-11D0-8D11-00A0C91BC942}") = "VGATestProject", "VGATestProject\VGATestProject.vcxproj", "{12072615-80FB-4D05-8AE5-063082C292CF}"
EndProject
Global
	GlobalSection(SolutionConfigurationPlatforms) = preSolution
		Debug|x64 = Debug|x64
		Debug|x86 = Debug|x86
		Release|x64 = Release|x64
		Release|x86 = Release|x86
	EndGlobalSection
	GlobalSection(ProjectConfigurationPlatforms) = postSolution
		{12072615-80FB-4D05-8AE5-063082C292CF}.Debug|x64.ActiveCfg = Debug|x64
		{12072615-80FB-4D05-8AE5-063082C292CF}.Debug|x64.Build.0 = Debug|x64
		{12072615-80FB-4D05-8AE5-063082C292CF}.Debug|x86.ActiveCfg = Debug|Win32
		{12072615-80FB-4D05-8AE5-063082C292CF}.Debug|x86.Build.0 = Debug|Win32
		{12072615-80FB-4D05-8AE5-063082C292CF}.Release|x64.ActiveCfg = Release|x64
		{12072615-80FB-4D05-8AE5-063082C292CF}.Release|x64.Build.0 = Release|x64
		{12072615-80FB-4D05-8AE5-063082C292CF}.Release|x86.ActiveCfg = Release|Win32
		{12072615-80FB-4D05-8AE5-063082C292CF}.Release|x86.Build.0 = Release|Win32
	EndGlobalSection
	GlobalSection(SolutionProperties) = preSolution
		HideSolutionNode = FALSE
	EndGlobalSection
	GlobalSection(ExtensibilityGlobals) = postSolution
		SolutionGuid = {E7E83452-84C3-474B-A5DC-DE761484188D}
	EndGlobalSection
EndGlobal
